
Microsoft Visual Studio Solution File, Format Version 12.00
# Visual Studio Version 16
VisualStudioVersion = 16.0.30011.22
MinimumVisualStudioVersion = 10.0.40219.1
Project("{8BC9CEB8-8B4A-11D0-8D11-00A0C91BC942}") = "oop-proj-gol", "oop-proj-gol\oop-proj-gol.vcxproj", "{AF380FFF-41E2-413C-A412-6E13347EAA35}"
EndProject
Global
	GlobalSection(SolutionConfigurationPlatforms) = preSolution
		Debug|x64 = Debug|x64
		Debug|x86 = Debug|x86
		Release|x64 = Release|x64
		Release|x86 = Release|x86
	EndGlobalSection
	GlobalSection(ProjectConfigurationPlatforms) = postSolution
		{AF380FFF-41E2-413C-A412-6E13347EAA35}.Debug|x64.ActiveCfg = Debug|x64
		{AF380FFF-41E2-413C-A412-6E13347EAA35}.Debug|x64.Build.0 = Debug|x64
		{AF380FFF-41E2-413C-A412-6E13347EAA35}.Debug|x86.ActiveCfg = Debug|Win32
		{AF380FFF-41E2-413C-A412-6E13347EAA35}.Debug|x86.Build.0 = Debug|Win32
		{AF380FFF-41E2-413C-A412-6E13347EAA35}.Release|x64.ActiveCfg = Release|x64
		{AF380FFF-41E2-413C-A412-6E13347EAA35}.Release|x64.Build.0 = Release|x64
		{AF380FFF-41E2-413C-A412-6E13347EAA35}.Release|x86.ActiveCfg = Release|Win32
		{AF380FFF-41E2-413C-A412-6E13347EAA35}.Release|x86.Build.0 = Release|Win32
	EndGlobalSection
	GlobalSection(SolutionProperties) = preSolution
		HideSolutionNode = FALSE
	EndGlobalSection
	GlobalSection(ExtensibilityGlobals) = postSolution
		SolutionGuid = {DFE72BF1-70F6-4848-801E-26EF291EA8F5}
	EndGlobalSection
EndGlobal
